// !$*UTF8*$!
{
	archiveVersion = 1;
	classes = {
	};
	objectVersion = 56;
	objects = {

/* Begin PBXBuildFile section */
		6E2022D82A096C4C0051F519 /* SwiftUIChartsApp.swift in Sources */ = {isa = PBXBuildFile; fileRef = 6E2022D72A096C4C0051F519 /* SwiftUIChartsApp.swift */; };
		6E2022DA2A096C4C0051F519 /* ContentView.swift in Sources */ = {isa = PBXBuildFile; fileRef = 6E2022D92A096C4C0051F519 /* ContentView.swift */; };
		6E2022DC2A096C4F0051F519 /* Assets.xcassets in Resources */ = {isa = PBXBuildFile; fileRef = 6E2022DB2A096C4F0051F519 /* Assets.xcassets */; };
		6E2022DF2A096C4F0051F519 /* Preview Assets.xcassets in Resources */ = {isa = PBXBuildFile; fileRef = 6E2022DE2A096C4F0051F519 /* Preview Assets.xcassets */; };
		6E2022E92A096C4F0051F519 /* SwiftUIChartsTests.swift in Sources */ = {isa = PBXBuildFile; fileRef = 6E2022E82A096C4F0051F519 /* SwiftUIChartsTests.swift */; };
		6E2022F32A096C4F0051F519 /* SwiftUIChartsUITests.swift in Sources */ = {isa = PBXBuildFile; fileRef = 6E2022F22A096C4F0051F519 /* SwiftUIChartsUITests.swift */; };
		6E2022F52A096C4F0051F519 /* SwiftUIChartsUITestsLaunchTests.swift in Sources */ = {isa = PBXBuildFile; fileRef = 6E2022F42A096C4F0051F519 /* SwiftUIChartsUITestsLaunchTests.swift */; };
/* End PBXBuildFile section */

/* Begin PBXContainerItemProxy section */
		6E2022E52A096C4F0051F519 /* PBXContainerItemProxy */ = {
			isa = PBXContainerItemProxy;
			containerPortal = 6E2022CC2A096C4C0051F519 /* Project object */;
			proxyType = 1;
			remoteGlobalIDString = 6E2022D32A096C4C0051F519;
			remoteInfo = SwiftUICharts;
		};
		6E2022EF2A096C4F0051F519 /* PBXContainerItemProxy */ = {
			isa = PBXContainerItemProxy;
			containerPortal = 6E2022CC2A096C4C0051F519 /* Project object */;
			proxyType = 1;
			remoteGlobalIDString = 6E2022D32A096C4C0051F519;
			remoteInfo = SwiftUICharts;
		};
/* End PBXContainerItemProxy section */

/* Begin PBXFileReference section */
		6E2022D42A096C4C0051F519 /* SwiftUICharts.app */ = {isa = PBXFileReference; explicitFileType = wrapper.application; includeInIndex = 0; path = SwiftUICharts.app; sourceTree = BUILT_PRODUCTS_DIR; };
		6E2022D72A096C4C0051F519 /* SwiftUIChartsApp.swift */ = {isa = PBXFileReference; lastKnownFileType = sourcecode.swift; path = SwiftUIChartsApp.swift; sourceTree = "<group>"; };
		6E2022D92A096C4C0051F519 /* ContentView.swift */ = {isa = PBXFileReference; lastKnownFileType = sourcecode.swift; path = ContentView.swift; sourceTree = "<group>"; };
		6E2022DB2A096C4F0051F519 /* Assets.xcassets */ = {isa = PBXFileReference; lastKnownFileType = folder.assetcatalog; path = Assets.xcassets; sourceTree = "<group>"; };
		6E2022DE2A096C4F0051F519 /* Preview Assets.xcassets */ = {isa = PBXFileReference; lastKnownFileType = folder.assetcatalog; path = "Preview Assets.xcassets"; sourceTree = "<group>"; };
		6E2022E42A096C4F0051F519 /* SwiftUIChartsTests.xctest */ = {isa = PBXFileReference; explicitFileType = wrapper.cfbundle; includeInIndex = 0; path = SwiftUIChartsTests.xctest; sourceTree = BUILT_PRODUCTS_DIR; };
		6E2022E82A096C4F0051F519 /* SwiftUIChartsTests.swift */ = {isa = PBXFileReference; lastKnownFileType = sourcecode.swift; path = SwiftUIChartsTests.swift; sourceTree = "<group>"; };
		6E2022EE2A096C4F0051F519 /* SwiftUIChartsUITests.xctest */ = {isa = PBXFileReference; explicitFileType = wrapper.cfbundle; includeInIndex = 0; path = SwiftUIChartsUITests.xctest; sourceTree = BUILT_PRODUCTS_DIR; };
		6E2022F22A096C4F0051F519 /* SwiftUIChartsUITests.swift */ = {isa = PBXFileReference; lastKnownFileType = sourcecode.swift; path = SwiftUIChartsUITests.swift; sourceTree = "<group>"; };
		6E2022F42A096C4F0051F519 /* SwiftUIChartsUITestsLaunchTests.swift */ = {isa = PBXFileReference; lastKnownFileType = sourcecode.swift; path = SwiftUIChartsUITestsLaunchTests.swift; sourceTree = "<group>"; };
/* End PBXFileReference section */

/* Begin PBXFrameworksBuildPhase section */
		6E2022D12A096C4C0051F519 /* Frameworks */ = {
			isa = PBXFrameworksBuildPhase;
			buildActionMask = 2147483647;
			files = (
			);
			runOnlyForDeploymentPostprocessing = 0;
		};
		6E2022E12A096C4F0051F519 /* Frameworks */ = {
			isa = PBXFrameworksBuildPhase;
			buildActionMask = 2147483647;
			files = (
			);
			runOnlyForDeploymentPostprocessing = 0;
		};
		6E2022EB2A096C4F0051F519 /* Frameworks */ = {
			isa = PBXFrameworksBuildPhase;
			buildActionMask = 2147483647;
			files = (
			);
			runOnlyForDeploymentPostprocessing = 0;
		};
/* End PBXFrameworksBuildPhase section */

/* Begin PBXGroup section */
		6E2022CB2A096C4C0051F519 = {
			isa = PBXGroup;
			children = (
				6E2022D62A096C4C0051F519 /* SwiftUICharts */,
				6E2022E72A096C4F0051F519 /* SwiftUIChartsTests */,
				6E2022F12A096C4F0051F519 /* SwiftUIChartsUITests */,
				6E2022D52A096C4C0051F519 /* Products */,
			);
			sourceTree = "<group>";
		};
		6E2022D52A096C4C0051F519 /* Products */ = {
			isa = PBXGroup;
			children = (
				6E2022D42A096C4C0051F519 /* SwiftUICharts.app */,
				6E2022E42A096C4F0051F519 /* SwiftUIChartsTests.xctest */,
				6E2022EE2A096C4F0051F519 /* SwiftUIChartsUITests.xctest */,
			);
			name = Products;
			sourceTree = "<group>";
		};
		6E2022D62A096C4C0051F519 /* SwiftUICharts */ = {
			isa = PBXGroup;
			children = (
				6E2022D72A096C4C0051F519 /* SwiftUIChartsApp.swift */,
				6E2022D92A096C4C0051F519 /* ContentView.swift */,
				6E2022DB2A096C4F0051F519 /* Assets.xcassets */,
				6E2022DD2A096C4F0051F519 /* Preview Content */,
			);
			path = SwiftUICharts;
			sourceTree = "<group>";
		};
		6E2022DD2A096C4F0051F519 /* Preview Content */ = {
			isa = PBXGroup;
			children = (
				6E2022DE2A096C4F0051F519 /* Preview Assets.xcassets */,
			);
			path = "Preview Content";
			sourceTree = "<group>";
		};
		6E2022E72A096C4F0051F519 /* SwiftUIChartsTests */ = {
			isa = PBXGroup;
			children = (
				6E2022E82A096C4F0051F519 /* SwiftUIChartsTests.swift */,
			);
			path = SwiftUIChartsTests;
			sourceTree = "<group>";
		};
		6E2022F12A096C4F0051F519 /* SwiftUIChartsUITests */ = {
			isa = PBXGroup;
			children = (
				6E2022F22A096C4F0051F519 /* SwiftUIChartsUITests.swift */,
				6E2022F42A096C4F0051F519 /* SwiftUIChartsUITestsLaunchTests.swift */,
			);
			path = SwiftUIChartsUITests;
			sourceTree = "<group>";
		};
/* End PBXGroup section */

/* Begin PBXNativeTarget section */
		6E2022D32A096C4C0051F519 /* SwiftUICharts */ = {
			isa = PBXNativeTarget;
			buildConfigurationList = 6E2022F82A096C4F0051F519 /* Build configuration list for PBXNativeTarget "SwiftUICharts" */;
			buildPhases = (
				6E2022D02A096C4C0051F519 /* Sources */,
				6E2022D12A096C4C0051F519 /* Frameworks */,
				6E2022D22A096C4C0051F519 /* Resources */,
			);
			buildRules = (
			);
			dependencies = (
			);
			name = SwiftUICharts;
			productName = SwiftUICharts;
			productReference = 6E2022D42A096C4C0051F519 /* SwiftUICharts.app */;
			productType = "com.apple.product-type.application";
		};
		6E2022E32A096C4F0051F519 /* SwiftUIChartsTests */ = {
			isa = PBXNativeTarget;
			buildConfigurationList = 6E2022FB2A096C4F0051F519 /* Build configuration list for PBXNativeTarget "SwiftUIChartsTests" */;
			buildPhases = (
				6E2022E02A096C4F0051F519 /* Sources */,
				6E2022E12A096C4F0051F519 /* Frameworks */,
				6E2022E22A096C4F0051F519 /* Resources */,
			);
			buildRules = (
			);
			dependencies = (
				6E2022E62A096C4F0051F519 /* PBXTargetDependency */,
			);
			name = SwiftUIChartsTests;
			productName = SwiftUIChartsTests;
			productReference = 6E2022E42A096C4F0051F519 /* SwiftUIChartsTests.xctest */;
			productType = "com.apple.product-type.bundle.unit-test";
		};
		6E2022ED2A096C4F0051F519 /* SwiftUIChartsUITests */ = {
			isa = PBXNativeTarget;
			buildConfigurationList = 6E2022FE2A096C4F0051F519 /* Build configuration list for PBXNativeTarget "SwiftUIChartsUITests" */;
			buildPhases = (
				6E2022EA2A096C4F0051F519 /* Sources */,
				6E2022EB2A096C4F0051F519 /* Frameworks */,
				6E2022EC2A096C4F0051F519 /* Resources */,
			);
			buildRules = (
			);
			dependencies = (
				6E2022F02A096C4F0051F519 /* PBXTargetDependency */,
			);
			name = SwiftUIChartsUITests;
			productName = SwiftUIChartsUITests;
			productReference = 6E2022EE2A096C4F0051F519 /* SwiftUIChartsUITests.xctest */;
			productType = "com.apple.product-type.bundle.ui-testing";
		};
/* End PBXNativeTarget section */

/* Begin PBXProject section */
		6E2022CC2A096C4C0051F519 /* Project object */ = {
			isa = PBXProject;
			attributes = {
				BuildIndependentTargetsInParallel = 1;
				LastSwiftUpdateCheck = 1430;
				LastUpgradeCheck = 1430;
				TargetAttributes = {
					6E2022D32A096C4C0051F519 = {
						CreatedOnToolsVersion = 14.3;
					};
					6E2022E32A096C4F0051F519 = {
						CreatedOnToolsVersion = 14.3;
						TestTargetID = 6E2022D32A096C4C0051F519;
					};
					6E2022ED2A096C4F0051F519 = {
						CreatedOnToolsVersion = 14.3;
						TestTargetID = 6E2022D32A096C4C0051F519;
					};
				};
			};
			buildConfigurationList = 6E2022CF2A096C4C0051F519 /* Build configuration list for PBXProject "SwiftUICharts" */;
			compatibilityVersion = "Xcode 14.0";
			developmentRegion = en;
			hasScannedForEncodings = 0;
			knownRegions = (
				en,
				Base,
			);
			mainGroup = 6E2022CB2A096C4C0051F519;
			productRefGroup = 6E2022D52A096C4C0051F519 /* Products */;
			projectDirPath = "";
			projectRoot = "";
			targets = (
				6E2022D32A096C4C0051F519 /* SwiftUICharts */,
				6E2022E32A096C4F0051F519 /* SwiftUIChartsTests */,
				6E2022ED2A096C4F0051F519 /* SwiftUIChartsUITests */,
			);
		};
/* End PBXProject section */

/* Begin PBXResourcesBuildPhase section */
		6E2022D22A096C4C0051F519 /* Resources */ = {
			isa = PBXResourcesBuildPhase;
			buildActionMask = 2147483647;
			files = (
				6E2022DF2A096C4F0051F519 /* Preview Assets.xcassets in Resources */,
				6E2022DC2A096C4F0051F519 /* Assets.xcassets in Resources */,
			);
			runOnlyForDeploymentPostprocessing = 0;
		};
		6E2022E22A096C4F0051F519 /* Resources */ = {
			isa = PBXResourcesBuildPhase;
			buildActionMask = 2147483647;
			files = (
			);
			runOnlyForDeploymentPostprocessing = 0;
		};
		6E2022EC2A096C4F0051F519 /* Resources */ = {
			isa = PBXResourcesBuildPhase;
			buildActionMask = 2147483647;
			files = (
			);
			runOnlyForDeploymentPostprocessing = 0;
		};
/* End PBXResourcesBuildPhase section */

/* Begin PBXSourcesBuildPhase section */
		6E2022D02A096C4C0051F519 /* Sources */ = {
			isa = PBXSourcesBuildPhase;
			buildActionMask = 2147483647;
			files = (
				6E2022DA2A096C4C0051F519 /* ContentView.swift in Sources */,
				6E2022D82A096C4C0051F519 /* SwiftUIChartsApp.swift in Sources */,
			);
			runOnlyForDeploymentPostprocessing = 0;
		};
		6E2022E02A096C4F0051F519 /* Sources */ = {
			isa = PBXSourcesBuildPhase;
			buildActionMask = 2147483647;
			files = (
				6E2022E92A096C4F0051F519 /* SwiftUIChartsTests.swift in Sources */,
			);
			runOnlyForDeploymentPostprocessing = 0;
		};
		6E2022EA2A096C4F0051F519 /* Sources */ = {
			isa = PBXSourcesBuildPhase;
			buildActionMask = 2147483647;
			files = (
				6E2022F32A096C4F0051F519 /* SwiftUIChartsUITests.swift in Sources */,
				6E2022F52A096C4F0051F519 /* SwiftUIChartsUITestsLaunchTests.swift in Sources */,
			);
			runOnlyForDeploymentPostprocessing = 0;
		};
/* End PBXSourcesBuildPhase section */

/* Begin PBXTargetDependency section */
		6E2022E62A096C4F0051F519 /* PBXTargetDependency */ = {
			isa = PBXTargetDependency;
			target = 6E2022D32A096C4C0051F519 /* SwiftUICharts */;
			targetProxy = 6E2022E52A096C4F0051F519 /* PBXContainerItemProxy */;
		};
		6E2022F02A096C4F0051F519 /* PBXTargetDependency */ = {
			isa = PBXTargetDependency;
			target = 6E2022D32A096C4C0051F519 /* SwiftUICharts */;
			targetProxy = 6E2022EF2A096C4F0051F519 /* PBXContainerItemProxy */;
		};
/* End PBXTargetDependency section */

/* Begin XCBuildConfiguration section */
		6E2022F62A096C4F0051F519 /* Debug */ = {
			isa = XCBuildConfiguration;
			buildSettings = {
				ALWAYS_SEARCH_USER_PATHS = NO;
				CLANG_ANALYZER_NONNULL = YES;
				CLANG_ANALYZER_NUMBER_OBJECT_CONVERSION = YES_AGGRESSIVE;
				CLANG_CXX_LANGUAGE_STANDARD = "gnu++20";
				CLANG_ENABLE_MODULES = YES;
				CLANG_ENABLE_OBJC_ARC = YES;
				CLANG_ENABLE_OBJC_WEAK = YES;
				CLANG_WARN_BLOCK_CAPTURE_AUTORELEASING = YES;
				CLANG_WARN_BOOL_CONVERSION = YES;
				CLANG_WARN_COMMA = YES;
				CLANG_WARN_CONSTANT_CONVERSION = YES;
				CLANG_WARN_DEPRECATED_OBJC_IMPLEMENTATIONS = YES;
				CLANG_WARN_DIRECT_OBJC_ISA_USAGE = YES_ERROR;
				CLANG_WARN_DOCUMENTATION_COMMENTS = YES;
				CLANG_WARN_EMPTY_BODY = YES;
				CLANG_WARN_ENUM_CONVERSION = YES;
				CLANG_WARN_INFINITE_RECURSION = YES;
				CLANG_WARN_INT_CONVERSION = YES;
				CLANG_WARN_NON_LITERAL_NULL_CONVERSION = YES;
				CLANG_WARN_OBJC_IMPLICIT_RETAIN_SELF = YES;
				CLANG_WARN_OBJC_LITERAL_CONVERSION = YES;
				CLANG_WARN_OBJC_ROOT_CLASS = YES_ERROR;
				CLANG_WARN_QUOTED_INCLUDE_IN_FRAMEWORK_HEADER = YES;
				CLANG_WARN_RANGE_LOOP_ANALYSIS = YES;
				CLANG_WARN_STRICT_PROTOTYPES = YES;
				CLANG_WARN_SUSPICIOUS_MOVE = YES;
				CLANG_WARN_UNGUARDED_AVAILABILITY = YES_AGGRESSIVE;
				CLANG_WARN_UNREACHABLE_CODE = YES;
				CLANG_WARN__DUPLICATE_METHOD_MATCH = YES;
				COPY_PHASE_STRIP = NO;
				DEBUG_INFORMATION_FORMAT = dwarf;
				ENABLE_STRICT_OBJC_MSGSEND = YES;
				ENABLE_TESTABILITY = YES;
				GCC_C_LANGUAGE_STANDARD = gnu11;
				GCC_DYNAMIC_NO_PIC = NO;
				GCC_NO_COMMON_BLOCKS = YES;
				GCC_OPTIMIZATION_LEVEL = 0;
				GCC_PREPROCESSOR_DEFINITIONS = (
					"DEBUG=1",
					"$(inherited)",
				);
				GCC_WARN_64_TO_32_BIT_CONVERSION = YES;
				GCC_WARN_ABOUT_RETURN_TYPE = YES_ERROR;
				GCC_WARN_UNDECLARED_SELECTOR = YES;
				GCC_WARN_UNINITIALIZED_AUTOS = YES_AGGRESSIVE;
				GCC_WARN_UNUSED_FUNCTION = YES;
				GCC_WARN_UNUSED_VARIABLE = YES;
				IPHONEOS_DEPLOYMENT_TARGET = 16.4;
				MTL_ENABLE_DEBUG_INFO = INCLUDE_SOURCE;
				MTL_FAST_MATH = YES;
				ONLY_ACTIVE_ARCH = YES;
				SDKROOT = iphoneos;
				SWIFT_ACTIVE_COMPILATION_CONDITIONS = DEBUG;
				SWIFT_OPTIMIZATION_LEVEL = "-Onone";
			};
			name = Debug;
		};
		6E2022F72A096C4F0051F519 /* Release */ = {
			isa = XCBuildConfiguration;
			buildSettings = {
				ALWAYS_SEARCH_USER_PATHS = NO;
				CLANG_ANALYZER_NONNULL = YES;
				CLANG_ANALYZER_NUMBER_OBJECT_CONVERSION = YES_AGGRESSIVE;
				CLANG_CXX_LANGUAGE_STANDARD = "gnu++20";
				CLANG_ENABLE_MODULES = YES;
				CLANG_ENABLE_OBJC_ARC = YES;
				CLANG_ENABLE_OBJC_WEAK = YES;
				CLANG_WARN_BLOCK_CAPTURE_AUTORELEASING = YES;
				CLANG_WARN_BOOL_CONVERSION = YES;
				CLANG_WARN_COMMA = YES;
				CLANG_WARN_CONSTANT_CONVERSION = YES;
				CLANG_WARN_DEPRECATED_OBJC_IMPLEMENTATIONS = YES;
				CLANG_WARN_DIRECT_OBJC_ISA_USAGE = YES_ERROR;
				CLANG_WARN_DOCUMENTATION_COMMENTS = YES;
				CLANG_WARN_EMPTY_BODY = YES;
				CLANG_WARN_ENUM_CONVERSION = YES;
				CLANG_WARN_INFINITE_RECURSION = YES;
				CLANG_WARN_INT_CONVERSION = YES;
				CLANG_WARN_NON_LITERAL_NULL_CONVERSION = YES;
				CLANG_WARN_OBJC_IMPLICIT_RETAIN_SELF = YES;
				CLANG_WARN_OBJC_LITERAL_CONVERSION = YES;
				CLANG_WARN_OBJC_ROOT_CLASS = YES_ERROR;
				CLANG_WARN_QUOTED_INCLUDE_IN_FRAMEWORK_HEADER = YES;
				CLANG_WARN_RANGE_LOOP_ANALYSIS = YES;
				CLANG_WARN_STRICT_PROTOTYPES = YES;
				CLANG_WARN_SUSPICIOUS_MOVE = YES;
				CLANG_WARN_UNGUARDED_AVAILABILITY = YES_AGGRESSIVE;
				CLANG_WARN_UNREACHABLE_CODE = YES;
				CLANG_WARN__DUPLICATE_METHOD_MATCH = YES;
				COPY_PHASE_STRIP = NO;
				DEBUG_INFORMATION_FORMAT = "dwarf-with-dsym";
				ENABLE_NS_ASSERTIONS = NO;
				ENABLE_STRICT_OBJC_MSGSEND = YES;
				GCC_C_LANGUAGE_STANDARD = gnu11;
				GCC_NO_COMMON_BLOCKS = YES;
				GCC_WARN_64_TO_32_BIT_CONVERSION = YES;
				GCC_WARN_ABOUT_RETURN_TYPE = YES_ERROR;
				GCC_WARN_UNDECLARED_SELECTOR = YES;
				GCC_WARN_UNINITIALIZED_AUTOS = YES_AGGRESSIVE;
				GCC_WARN_UNUSED_FUNCTION = YES;
				GCC_WARN_UNUSED_VARIABLE = YES;
				IPHONEOS_DEPLOYMENT_TARGET = 16.4;
				MTL_ENABLE_DEBUG_INFO = NO;
				MTL_FAST_MATH = YES;
				SDKROOT = iphoneos;
				SWIFT_COMPILATION_MODE = wholemodule;
				SWIFT_OPTIMIZATION_LEVEL = "-O";
				VALIDATE_PRODUCT = YES;
			};
			name = Release;
		};
		6E2022F92A096C4F0051F519 /* Debug */ = {
			isa = XCBuildConfiguration;
			buildSettings = {
				ASSETCATALOG_COMPILER_APPICON_NAME = AppIcon;
				ASSETCATALOG_COMPILER_GLOBAL_ACCENT_COLOR_NAME = AccentColor;
				CODE_SIGN_STYLE = Automatic;
				CURRENT_PROJECT_VERSION = 1;
				DEVELOPMENT_ASSET_PATHS = "\"SwiftUICharts/Preview Content\"";
				ENABLE_PREVIEWS = YES;
				GENERATE_INFOPLIST_FILE = YES;
				INFOPLIST_KEY_UIApplicationSceneManifest_Generation = YES;
				INFOPLIST_KEY_UIApplicationSupportsIndirectInputEvents = YES;
				INFOPLIST_KEY_UILaunchScreen_Generation = YES;
				INFOPLIST_KEY_UISupportedInterfaceOrientations_iPad = "UIInterfaceOrientationPortrait UIInterfaceOrientationPortraitUpsideDown UIInterfaceOrientationLandscapeLeft UIInterfaceOrientationLandscapeRight";
				INFOPLIST_KEY_UISupportedInterfaceOrientations_iPhone = "UIInterfaceOrientationPortrait UIInterfaceOrientationLandscapeLeft UIInterfaceOrientationLandscapeRight";
				LD_RUNPATH_SEARCH_PATHS = (
					"$(inherited)",
					"@executable_path/Frameworks",
				);
				MARKETING_VERSION = 1.0;
				PRODUCT_BUNDLE_IDENTIFIER = mollah.yamin.SwiftUICharts;
				PRODUCT_NAME = "$(TARGET_NAME)";
				SWIFT_EMIT_LOC_STRINGS = YES;
				SWIFT_VERSION = 5.0;
				TARGETED_DEVICE_FAMILY = "1,2";
			};
			name = Debug;
		};
		6E2022FA2A096C4F0051F519 /* Release */ = {
			isa = XCBuildConfiguration;
			buildSettings = {
				ASSETCATALOG_COMPILER_APPICON_NAME = AppIcon;
				ASSETCATALOG_COMPILER_GLOBAL_ACCENT_COLOR_NAME = AccentColor;
				CODE_SIGN_STYLE = Automatic;
				CURRENT_PROJECT_VERSION = 1;
				DEVELOPMENT_ASSET_PATHS = "\"SwiftUICharts/Preview Content\"";
				ENABLE_PREVIEWS = YES;
				GENERATE_INFOPLIST_FILE = YES;
				INFOPLIST_KEY_UIApplicationSceneManifest_Generation = YES;
				INFOPLIST_KEY_UIApplicationSupportsIndirectInputEvents = YES;
				INFOPLIST_KEY_UILaunchScreen_Generation = YES;
				INFOPLIST_KEY_UISupportedInterfaceOrientations_iPad = "UIInterfaceOrientationPortrait UIInterfaceOrientationPortraitUpsideDown UIInterfaceOrientationLandscapeLeft UIInterfaceOrientationLandscapeRight";
				INFOPLIST_KEY_UISupportedInterfaceOrientations_iPhone = "UIInterfaceOrientationPortrait UIInterfaceOrientationLandscapeLeft UIInterfaceOrientationLandscapeRight";
				LD_RUNPATH_SEARCH_PATHS = (
					"$(inherited)",
					"@executable_path/Frameworks",
				);
				MARKETING_VERSION = 1.0;
				PRODUCT_BUNDLE_IDENTIFIER = mollah.yamin.SwiftUICharts;
				PRODUCT_NAME = "$(TARGET_NAME)";
				SWIFT_EMIT_LOC_STRINGS = YES;
				SWIFT_VERSION = 5.0;
				TARGETED_DEVICE_FAMILY = "1,2";
			};
			name = Release;
		};
		6E2022FC2A096C4F0051F519 /* Debug */ = {
			isa = XCBuildConfiguration;
			buildSettings = {
				ALWAYS_EMBED_SWIFT_STANDARD_LIBRARIES = YES;
				BUNDLE_LOADER = "$(TEST_HOST)";
				CODE_SIGN_STYLE = Automatic;
				CURRENT_PROJECT_VERSION = 1;
				GENERATE_INFOPLIST_FILE = YES;
				IPHONEOS_DEPLOYMENT_TARGET = 16.4;
				MARKETING_VERSION = 1.0;
				PRODUCT_BUNDLE_IDENTIFIER = mollah.yamin.SwiftUIChartsTests;
				PRODUCT_NAME = "$(TARGET_NAME)";
				SWIFT_EMIT_LOC_STRINGS = NO;
				SWIFT_VERSION = 5.0;
				TARGETED_DEVICE_FAMILY = "1,2";
				TEST_HOST = "$(BUILT_PRODUCTS_DIR)/SwiftUICharts.app/$(BUNDLE_EXECUTABLE_FOLDER_PATH)/SwiftUICharts";
			};
			name = Debug;
		};
		6E2022FD2A096C4F0051F519 /* Release */ = {
			isa = XCBuildConfiguration;
			buildSettings = {
				ALWAYS_EMBED_SWIFT_STANDARD_LIBRARIES = YES;
				BUNDLE_LOADER = "$(TEST_HOST)";
				CODE_SIGN_STYLE = Automatic;
				CURRENT_PROJECT_VERSION = 1;
				GENERATE_INFOPLIST_FILE = YES;
				IPHONEOS_DEPLOYMENT_TARGET = 16.4;
				MARKETING_VERSION = 1.0;
				PRODUCT_BUNDLE_IDENTIFIER = mollah.yamin.SwiftUIChartsTests;
				PRODUCT_NAME = "$(TARGET_NAME)";
				SWIFT_EMIT_LOC_STRINGS = NO;
				SWIFT_VERSION = 5.0;
				TARGETED_DEVICE_FAMILY = "1,2";
				TEST_HOST = "$(BUILT_PRODUCTS_DIR)/SwiftUICharts.app/$(BUNDLE_EXECUTABLE_FOLDER_PATH)/SwiftUICharts";
			};
			name = Release;
		};
		6E2022FF2A096C4F0051F519 /* Debug */ = {
			isa = XCBuildConfiguration;
			buildSettings = {
				ALWAYS_EMBED_SWIFT_STANDARD_LIBRARIES = YES;
				CODE_SIGN_STYLE = Automatic;
				CURRENT_PROJECT_VERSION = 1;
				GENERATE_INFOPLIST_FILE = YES;
				MARKETING_VERSION = 1.0;
				PRODUCT_BUNDLE_IDENTIFIER = mollah.yamin.SwiftUIChartsUITests;
				PRODUCT_NAME = "$(TARGET_NAME)";
				SWIFT_EMIT_LOC_STRINGS = NO;
				SWIFT_VERSION = 5.0;
				TARGETED_DEVICE_FAMILY = "1,2";
				TEST_TARGET_NAME = SwiftUICharts;
			};
			name = Debug;
		};
		6E2023002A096C4F0051F519 /* Release */ = {
			isa = XCBuildConfiguration;
			buildSettings = {
				ALWAYS_EMBED_SWIFT_STANDARD_LIBRARIES = YES;
				CODE_SIGN_STYLE = Automatic;
				CURRENT_PROJECT_VERSION = 1;
				GENERATE_INFOPLIST_FILE = YES;
				MARKETING_VERSION = 1.0;
				PRODUCT_BUNDLE_IDENTIFIER = mollah.yamin.SwiftUIChartsUITests;
				PRODUCT_NAME = "$(TARGET_NAME)";
				SWIFT_EMIT_LOC_STRINGS = NO;
				SWIFT_VERSION = 5.0;
				TARGETED_DEVICE_FAMILY = "1,2";
				TEST_TARGET_NAME = SwiftUICharts;
			};
			name = Release;
		};
/* End XCBuildConfiguration section */

/* Begin XCConfigurationList section */
		6E2022CF2A096C4C0051F519 /* Build configuration list for PBXProject "SwiftUICharts" */ = {
			isa = XCConfigurationList;
			buildConfigurations = (
				6E2022F62A096C4F0051F519 /* Debug */,
				6E2022F72A096C4F0051F519 /* Release */,
			);
			defaultConfigurationIsVisible = 0;
			defaultConfigurationName = Release;
		};
		6E2022F82A096C4F0051F519 /* Build configuration list for PBXNativeTarget "SwiftUICharts" */ = {
			isa = XCConfigurationList;
			buildConfigurations = (
				6E2022F92A096C4F0051F519 /* Debug */,
				6E2022FA2A096C4F0051F519 /* Release */,
			);
			defaultConfigurationIsVisible = 0;
			defaultConfigurationName = Release;
		};
		6E2022FB2A096C4F0051F519 /* Build configuration list for PBXNativeTarget "SwiftUIChartsTests" */ = {
			isa = XCConfigurationList;
			buildConfigurations = (
				6E2022FC2A096C4F0051F519 /* Debug */,
				6E2022FD2A096C4F0051F519 /* Release */,
			);
			defaultConfigurationIsVisible = 0;
			defaultConfigurationName = Release;
		};
		6E2022FE2A096C4F0051F519 /* Build configuration list for PBXNativeTarget "SwiftUIChartsUITests" */ = {
			isa = XCConfigurationList;
			buildConfigurations = (
				6E2022FF2A096C4F0051F519 /* Debug */,
				6E2023002A096C4F0051F519 /* Release */,
			);
			defaultConfigurationIsVisible = 0;
			defaultConfigurationName = Release;
		};
/* End XCConfigurationList section */
	};
	rootObject = 6E2022CC2A096C4C0051F519 /* Project object */;
}
